
Microsoft Visual Studio Solution File, Format Version 12.00
# Visual Studio 15
VisualStudioVersion = 15.0.28307.329
MinimumVisualStudioVersion = 10.0.40219.1
Project("{FAE04EC0-301F-11D3-BF4B-00C04F79EFBC}") = "CityOfIdeas", "CityOfIdeas\CityOfIdeas.csproj", "{AC80ED68-3D6D-4404-9AA9-11CDA30A8FC4}"
EndProject
Global
	GlobalSection(SolutionConfigurationPlatforms) = preSolution
		Debug|Any CPU = Debug|Any CPU
		Release|Any CPU = Release|Any CPU
	EndGlobalSection
	GlobalSection(ProjectConfigurationPlatforms) = postSolution
		{AC80ED68-3D6D-4404-9AA9-11CDA30A8FC4}.Debug|Any CPU.ActiveCfg = Debug|Any CPU
		{AC80ED68-3D6D-4404-9AA9-11CDA30A8FC4}.Debug|Any CPU.Build.0 = Debug|Any CPU
		{AC80ED68-3D6D-4404-9AA9-11CDA30A8FC4}.Release|Any CPU.ActiveCfg = Release|Any CPU
		{AC80ED68-3D6D-4404-9AA9-11CDA30A8FC4}.Release|Any CPU.Build.0 = Release|Any CPU
	EndGlobalSection
	GlobalSection(SolutionProperties) = preSolution
		HideSolutionNode = FALSE
	EndGlobalSection
	GlobalSection(ExtensibilityGlobals) = postSolution
		SolutionGuid = {CC5999D8-6A43-4DEF-8E32-722D8FFE6C09}
	EndGlobalSection
EndGlobal
